
Microsoft Visual Studio Solution File, Format Version 12.00
# Visual Studio Version 17
VisualStudioVersion = 17.14.36408.4 d17.14
MinimumVisualStudioVersion = 10.0.40219.1
Project("{FAE04EC0-301F-11D3-BF4B-00C04F79EFBC}") = "MarathonManager", "MarathonManager.csproj", "{FB9DD746-F081-4EEE-BCB4-59C56DC87029}"
EndProject
Global
	GlobalSection(SolutionConfigurationPlatforms) = preSolution
		Debug|Any CPU = Debug|Any CPU
		Release|Any CPU = Release|Any CPU
	EndGlobalSection
	GlobalSection(ProjectConfigurationPlatforms) = postSolution
		{FB9DD746-F081-4EEE-BCB4-59C56DC87029}.Debug|Any CPU.ActiveCfg = Debug|Any CPU
		{FB9DD746-F081-4EEE-BCB4-59C56DC87029}.Debug|Any CPU.Build.0 = Debug|Any CPU
		{FB9DD746-F081-4EEE-BCB4-59C56DC87029}.Release|Any CPU.ActiveCfg = Release|Any CPU
		{FB9DD746-F081-4EEE-BCB4-59C56DC87029}.Release|Any CPU.Build.0 = Release|Any CPU
	EndGlobalSection
	GlobalSection(SolutionProperties) = preSolution
		HideSolutionNode = FALSE
	EndGlobalSection
	GlobalSection(ExtensibilityGlobals) = postSolution
		SolutionGuid = {AA32FECD-4225-49A6-BD73-E3DC03D7A372}
	EndGlobalSection
EndGlobal
